// !$*UTF8*$!
{
	archiveVersion = 1;
	classes = {
	};
	objectVersion = 50;
	objects = {

/* Begin PBXBuildFile section */
		7E16FCBC22528D1E00D91423 /* AppDelegate.swift in Sources */ = {isa = PBXBuildFile; fileRef = 7E16FCBB22528D1E00D91423 /* AppDelegate.swift */; };
		7E16FCBE22528D1E00D91423 /* FirstViewController.swift in Sources */ = {isa = PBXBuildFile; fileRef = 7E16FCBD22528D1E00D91423 /* FirstViewController.swift */; };
		7E16FCC022528D1E00D91423 /* SecondViewController.swift in Sources */ = {isa = PBXBuildFile; fileRef = 7E16FCBF22528D1E00D91423 /* SecondViewController.swift */; };
		7E16FCC322528D1E00D91423 /* Main.storyboard in Resources */ = {isa = PBXBuildFile; fileRef = 7E16FCC122528D1E00D91423 /* Main.storyboard */; };
		7E16FCC522528D2000D91423 /* Assets.xcassets in Resources */ = {isa = PBXBuildFile; fileRef = 7E16FCC422528D2000D91423 /* Assets.xcassets */; };
		7E16FCC822528D2000D91423 /* LaunchScreen.storyboard in Resources */ = {isa = PBXBuildFile; fileRef = 7E16FCC622528D2000D91423 /* LaunchScreen.storyboard */; };
		7E16FCD322528D2000D91423 /* HelloWorldAppTests.swift in Sources */ = {isa = PBXBuildFile; fileRef = 7E16FCD222528D2000D91423 /* HelloWorldAppTests.swift */; };
		7E16FCDE22528D2000D91423 /* HelloWorldAppUITests.swift in Sources */ = {isa = PBXBuildFile; fileRef = 7E16FCDD22528D2000D91423 /* HelloWorldAppUITests.swift */; };
		7E208B3D225BE77500491810 /* RowModel.swift in Sources */ = {isa = PBXBuildFile; fileRef = 7E208B3C225BE77500491810 /* RowModel.swift */; };
		7E208B3F225C396E00491810 /* TableViewCell.swift in Sources */ = {isa = PBXBuildFile; fileRef = 7E208B3E225C396E00491810 /* TableViewCell.swift */; };
		7E7B0B81225BB2A3008725B1 /* ReportProblemViewController.swift in Sources */ = {isa = PBXBuildFile; fileRef = 7E7B0B80225BB2A3008725B1 /* ReportProblemViewController.swift */; };
/* End PBXBuildFile section */

/* Begin PBXContainerItemProxy section */
		7E16FCCF22528D2000D91423 /* PBXContainerItemProxy */ = {
			isa = PBXContainerItemProxy;
			containerPortal = 7E16FCB022528D1E00D91423 /* Project object */;
			proxyType = 1;
			remoteGlobalIDString = 7E16FCB722528D1E00D91423;
			remoteInfo = HelloWorldApp;
		};
		7E16FCDA22528D2000D91423 /* PBXContainerItemProxy */ = {
			isa = PBXContainerItemProxy;
			containerPortal = 7E16FCB022528D1E00D91423 /* Project object */;
			proxyType = 1;
			remoteGlobalIDString = 7E16FCB722528D1E00D91423;
			remoteInfo = HelloWorldApp;
		};
/* End PBXContainerItemProxy section */

/* Begin PBXFileReference section */
		7E16FCB822528D1E00D91423 /* HelloWorldApp.app */ = {isa = PBXFileReference; explicitFileType = wrapper.application; includeInIndex = 0; path = HelloWorldApp.app; sourceTree = BUILT_PRODUCTS_DIR; };
		7E16FCBB22528D1E00D91423 /* AppDelegate.swift */ = {isa = PBXFileReference; lastKnownFileType = sourcecode.swift; path = AppDelegate.swift; sourceTree = "<group>"; };
		7E16FCBD22528D1E00D91423 /* FirstViewController.swift */ = {isa = PBXFileReference; lastKnownFileType = sourcecode.swift; path = FirstViewController.swift; sourceTree = "<group>"; };
		7E16FCBF22528D1E00D91423 /* SecondViewController.swift */ = {isa = PBXFileReference; lastKnownFileType = sourcecode.swift; path = SecondViewController.swift; sourceTree = "<group>"; };
		7E16FCC222528D1E00D91423 /* Base */ = {isa = PBXFileReference; lastKnownFileType = file.storyboard; name = Base; path = Base.lproj/Main.storyboard; sourceTree = "<group>"; };
		7E16FCC422528D2000D91423 /* Assets.xcassets */ = {isa = PBXFileReference; lastKnownFileType = folder.assetcatalog; path = Assets.xcassets; sourceTree = "<group>"; };
		7E16FCC722528D2000D91423 /* Base */ = {isa = PBXFileReference; lastKnownFileType = file.storyboard; name = Base; path = Base.lproj/LaunchScreen.storyboard; sourceTree = "<group>"; };
		7E16FCC922528D2000D91423 /* Info.plist */ = {isa = PBXFileReference; lastKnownFileType = text.plist.xml; path = Info.plist; sourceTree = "<group>"; };
		7E16FCCE22528D2000D91423 /* HelloWorldAppTests.xctest */ = {isa = PBXFileReference; explicitFileType = wrapper.cfbundle; includeInIndex = 0; path = HelloWorldAppTests.xctest; sourceTree = BUILT_PRODUCTS_DIR; };
		7E16FCD222528D2000D91423 /* HelloWorldAppTests.swift */ = {isa = PBXFileReference; lastKnownFileType = sourcecode.swift; path = HelloWorldAppTests.swift; sourceTree = "<group>"; };
		7E16FCD422528D2000D91423 /* Info.plist */ = {isa = PBXFileReference; lastKnownFileType = text.plist.xml; path = Info.plist; sourceTree = "<group>"; };
		7E16FCD922528D2000D91423 /* HelloWorldAppUITests.xctest */ = {isa = PBXFileReference; explicitFileType = wrapper.cfbundle; includeInIndex = 0; path = HelloWorldAppUITests.xctest; sourceTree = BUILT_PRODUCTS_DIR; };
		7E16FCDD22528D2000D91423 /* HelloWorldAppUITests.swift */ = {isa = PBXFileReference; lastKnownFileType = sourcecode.swift; path = HelloWorldAppUITests.swift; sourceTree = "<group>"; };
		7E16FCDF22528D2000D91423 /* Info.plist */ = {isa = PBXFileReference; lastKnownFileType = text.plist.xml; path = Info.plist; sourceTree = "<group>"; };
		7E208B3C225BE77500491810 /* RowModel.swift */ = {isa = PBXFileReference; lastKnownFileType = sourcecode.swift; path = RowModel.swift; sourceTree = "<group>"; };
		7E208B3E225C396E00491810 /* TableViewCell.swift */ = {isa = PBXFileReference; lastKnownFileType = sourcecode.swift; path = TableViewCell.swift; sourceTree = "<group>"; };
		7E7B0B80225BB2A3008725B1 /* ReportProblemViewController.swift */ = {isa = PBXFileReference; lastKnownFileType = sourcecode.swift; path = ReportProblemViewController.swift; sourceTree = "<group>"; };
/* End PBXFileReference section */

/* Begin PBXFrameworksBuildPhase section */
		7E16FCB522528D1E00D91423 /* Frameworks */ = {
			isa = PBXFrameworksBuildPhase;
			buildActionMask = 2147483647;
			files = (
			);
			runOnlyForDeploymentPostprocessing = 0;
		};
		7E16FCCB22528D2000D91423 /* Frameworks */ = {
			isa = PBXFrameworksBuildPhase;
			buildActionMask = 2147483647;
			files = (
			);
			runOnlyForDeploymentPostprocessing = 0;
		};
		7E16FCD622528D2000D91423 /* Frameworks */ = {
			isa = PBXFrameworksBuildPhase;
			buildActionMask = 2147483647;
			files = (
			);
			runOnlyForDeploymentPostprocessing = 0;
		};
/* End PBXFrameworksBuildPhase section */

/* Begin PBXGroup section */
		7E16FCAF22528D1E00D91423 = {
			isa = PBXGroup;
			children = (
				7E16FCBA22528D1E00D91423 /* HelloWorldApp */,
				7E16FCD122528D2000D91423 /* HelloWorldAppTests */,
				7E16FCDC22528D2000D91423 /* HelloWorldAppUITests */,
				7E16FCB922528D1E00D91423 /* Products */,
			);
			sourceTree = "<group>";
		};
		7E16FCB922528D1E00D91423 /* Products */ = {
			isa = PBXGroup;
			children = (
				7E16FCB822528D1E00D91423 /* HelloWorldApp.app */,
				7E16FCCE22528D2000D91423 /* HelloWorldAppTests.xctest */,
				7E16FCD922528D2000D91423 /* HelloWorldAppUITests.xctest */,
			);
			name = Products;
			sourceTree = "<group>";
		};
		7E16FCBA22528D1E00D91423 /* HelloWorldApp */ = {
			isa = PBXGroup;
			children = (
				7E16FCBB22528D1E00D91423 /* AppDelegate.swift */,
				7E16FCBD22528D1E00D91423 /* FirstViewController.swift */,
				7E16FCBF22528D1E00D91423 /* SecondViewController.swift */,
				7E16FCC122528D1E00D91423 /* Main.storyboard */,
				7E16FCC422528D2000D91423 /* Assets.xcassets */,
				7E16FCC622528D2000D91423 /* LaunchScreen.storyboard */,
				7E16FCC922528D2000D91423 /* Info.plist */,
				7E7B0B80225BB2A3008725B1 /* ReportProblemViewController.swift */,
				7E208B3C225BE77500491810 /* RowModel.swift */,
				7E208B3E225C396E00491810 /* TableViewCell.swift */,
			);
			path = HelloWorldApp;
			sourceTree = "<group>";
		};
		7E16FCD122528D2000D91423 /* HelloWorldAppTests */ = {
			isa = PBXGroup;
			children = (
				7E16FCD222528D2000D91423 /* HelloWorldAppTests.swift */,
				7E16FCD422528D2000D91423 /* Info.plist */,
			);
			path = HelloWorldAppTests;
			sourceTree = "<group>";
		};
		7E16FCDC22528D2000D91423 /* HelloWorldAppUITests */ = {
			isa = PBXGroup;
			children = (
				7E16FCDD22528D2000D91423 /* HelloWorldAppUITests.swift */,
				7E16FCDF22528D2000D91423 /* Info.plist */,
			);
			path = HelloWorldAppUITests;
			sourceTree = "<group>";
		};
/* End PBXGroup section */

/* Begin PBXNativeTarget section */
		7E16FCB722528D1E00D91423 /* HelloWorldApp */ = {
			isa = PBXNativeTarget;
			buildConfigurationList = 7E16FCE222528D2000D91423 /* Build configuration list for PBXNativeTarget "HelloWorldApp" */;
			buildPhases = (
				7E16FCB422528D1E00D91423 /* Sources */,
				7E16FCB522528D1E00D91423 /* Frameworks */,
				7E16FCB622528D1E00D91423 /* Resources */,
			);
			buildRules = (
			);
			dependencies = (
			);
			name = HelloWorldApp;
			productName = HelloWorldApp;
			productReference = 7E16FCB822528D1E00D91423 /* HelloWorldApp.app */;
			productType = "com.apple.product-type.application";
		};
		7E16FCCD22528D2000D91423 /* HelloWorldAppTests */ = {
			isa = PBXNativeTarget;
			buildConfigurationList = 7E16FCE522528D2000D91423 /* Build configuration list for PBXNativeTarget "HelloWorldAppTests" */;
			buildPhases = (
				7E16FCCA22528D2000D91423 /* Sources */,
				7E16FCCB22528D2000D91423 /* Frameworks */,
				7E16FCCC22528D2000D91423 /* Resources */,
			);
			buildRules = (
			);
			dependencies = (
				7E16FCD022528D2000D91423 /* PBXTargetDependency */,
			);
			name = HelloWorldAppTests;
			productName = HelloWorldAppTests;
			productReference = 7E16FCCE22528D2000D91423 /* HelloWorldAppTests.xctest */;
			productType = "com.apple.product-type.bundle.unit-test";
		};
		7E16FCD822528D2000D91423 /* HelloWorldAppUITests */ = {
			isa = PBXNativeTarget;
			buildConfigurationList = 7E16FCE822528D2000D91423 /* Build configuration list for PBXNativeTarget "HelloWorldAppUITests" */;
			buildPhases = (
				7E16FCD522528D2000D91423 /* Sources */,
				7E16FCD622528D2000D91423 /* Frameworks */,
				7E16FCD722528D2000D91423 /* Resources */,
			);
			buildRules = (
			);
			dependencies = (
				7E16FCDB22528D2000D91423 /* PBXTargetDependency */,
			);
			name = HelloWorldAppUITests;
			productName = HelloWorldAppUITests;
			productReference = 7E16FCD922528D2000D91423 /* HelloWorldAppUITests.xctest */;
			productType = "com.apple.product-type.bundle.ui-testing";
		};
/* End PBXNativeTarget section */

/* Begin PBXProject section */
		7E16FCB022528D1E00D91423 /* Project object */ = {
			isa = PBXProject;
			attributes = {
				LastSwiftUpdateCheck = 1020;
				LastUpgradeCheck = 1020;
				ORGANIZATIONNAME = dlavoryk;
				TargetAttributes = {
					7E16FCB722528D1E00D91423 = {
						CreatedOnToolsVersion = 10.2;
					};
					7E16FCCD22528D2000D91423 = {
						CreatedOnToolsVersion = 10.2;
						TestTargetID = 7E16FCB722528D1E00D91423;
					};
					7E16FCD822528D2000D91423 = {
						CreatedOnToolsVersion = 10.2;
						TestTargetID = 7E16FCB722528D1E00D91423;
					};
				};
			};
			buildConfigurationList = 7E16FCB322528D1E00D91423 /* Build configuration list for PBXProject "HelloWorldApp" */;
			compatibilityVersion = "Xcode 9.3";
			developmentRegion = en;
			hasScannedForEncodings = 0;
			knownRegions = (
				en,
				Base,
			);
			mainGroup = 7E16FCAF22528D1E00D91423;
			productRefGroup = 7E16FCB922528D1E00D91423 /* Products */;
			projectDirPath = "";
			projectRoot = "";
			targets = (
				7E16FCB722528D1E00D91423 /* HelloWorldApp */,
				7E16FCCD22528D2000D91423 /* HelloWorldAppTests */,
				7E16FCD822528D2000D91423 /* HelloWorldAppUITests */,
			);
		};
/* End PBXProject section */

/* Begin PBXResourcesBuildPhase section */
		7E16FCB622528D1E00D91423 /* Resources */ = {
			isa = PBXResourcesBuildPhase;
			buildActionMask = 2147483647;
			files = (
				7E16FCC822528D2000D91423 /* LaunchScreen.storyboard in Resources */,
				7E16FCC522528D2000D91423 /* Assets.xcassets in Resources */,
				7E16FCC322528D1E00D91423 /* Main.storyboard in Resources */,
			);
			runOnlyForDeploymentPostprocessing = 0;
		};
		7E16FCCC22528D2000D91423 /* Resources */ = {
			isa = PBXResourcesBuildPhase;
			buildActionMask = 2147483647;
			files = (
			);
			runOnlyForDeploymentPostprocessing = 0;
		};
		7E16FCD722528D2000D91423 /* Resources */ = {
			isa = PBXResourcesBuildPhase;
			buildActionMask = 2147483647;
			files = (
			);
			runOnlyForDeploymentPostprocessing = 0;
		};
/* End PBXResourcesBuildPhase section */

/* Begin PBXSourcesBuildPhase section */
		7E16FCB422528D1E00D91423 /* Sources */ = {
			isa = PBXSourcesBuildPhase;
			buildActionMask = 2147483647;
			files = (
				7E7B0B81225BB2A3008725B1 /* ReportProblemViewController.swift in Sources */,
				7E16FCC022528D1E00D91423 /* SecondViewController.swift in Sources */,
				7E208B3D225BE77500491810 /* RowModel.swift in Sources */,
				7E16FCBC22528D1E00D91423 /* AppDelegate.swift in Sources */,
				7E208B3F225C396E00491810 /* TableViewCell.swift in Sources */,
				7E16FCBE22528D1E00D91423 /* FirstViewController.swift in Sources */,
			);
			runOnlyForDeploymentPostprocessing = 0;
		};
		7E16FCCA22528D2000D91423 /* Sources */ = {
			isa = PBXSourcesBuildPhase;
			buildActionMask = 2147483647;
			files = (
				7E16FCD322528D2000D91423 /* HelloWorldAppTests.swift in Sources */,
			);
			runOnlyForDeploymentPostprocessing = 0;
		};
		7E16FCD522528D2000D91423 /* Sources */ = {
			isa = PBXSourcesBuildPhase;
			buildActionMask = 2147483647;
			files = (
				7E16FCDE22528D2000D91423 /* HelloWorldAppUITests.swift in Sources */,
			);
			runOnlyForDeploymentPostprocessing = 0;
		};
/* End PBXSourcesBuildPhase section */

/* Begin PBXTargetDependency section */
		7E16FCD022528D2000D91423 /* PBXTargetDependency */ = {
			isa = PBXTargetDependency;
			target = 7E16FCB722528D1E00D91423 /* HelloWorldApp */;
			targetProxy = 7E16FCCF22528D2000D91423 /* PBXContainerItemProxy */;
		};
		7E16FCDB22528D2000D91423 /* PBXTargetDependency */ = {
			isa = PBXTargetDependency;
			target = 7E16FCB722528D1E00D91423 /* HelloWorldApp */;
			targetProxy = 7E16FCDA22528D2000D91423 /* PBXContainerItemProxy */;
		};
/* End PBXTargetDependency section */

/* Begin PBXVariantGroup section */
		7E16FCC122528D1E00D91423 /* Main.storyboard */ = {
			isa = PBXVariantGroup;
			children = (
				7E16FCC222528D1E00D91423 /* Base */,
			);
			name = Main.storyboard;
			sourceTree = "<group>";
		};
		7E16FCC622528D2000D91423 /* LaunchScreen.storyboard */ = {
			isa = PBXVariantGroup;
			children = (
				7E16FCC722528D2000D91423 /* Base */,
			);
			name = LaunchScreen.storyboard;
			sourceTree = "<group>";
		};
/* End PBXVariantGroup section */

/* Begin XCBuildConfiguration section */
		7E16FCE022528D2000D91423 /* Debug */ = {
			isa = XCBuildConfiguration;
			buildSettings = {
				ALWAYS_SEARCH_USER_PATHS = NO;
				CLANG_ANALYZER_NONNULL = YES;
				CLANG_ANALYZER_NUMBER_OBJECT_CONVERSION = YES_AGGRESSIVE;
				CLANG_CXX_LANGUAGE_STANDARD = "gnu++14";
				CLANG_CXX_LIBRARY = "libc++";
				CLANG_ENABLE_MODULES = YES;
				CLANG_ENABLE_OBJC_ARC = YES;
				CLANG_ENABLE_OBJC_WEAK = YES;
				CLANG_WARN_BLOCK_CAPTURE_AUTORELEASING = YES;
				CLANG_WARN_BOOL_CONVERSION = YES;
				CLANG_WARN_COMMA = YES;
				CLANG_WARN_CONSTANT_CONVERSION = YES;
				CLANG_WARN_DEPRECATED_OBJC_IMPLEMENTATIONS = YES;
				CLANG_WARN_DIRECT_OBJC_ISA_USAGE = YES_ERROR;
				CLANG_WARN_DOCUMENTATION_COMMENTS = YES;
				CLANG_WARN_EMPTY_BODY = YES;
				CLANG_WARN_ENUM_CONVERSION = YES;
				CLANG_WARN_INFINITE_RECURSION = YES;
				CLANG_WARN_INT_CONVERSION = YES;
				CLANG_WARN_NON_LITERAL_NULL_CONVERSION = YES;
				CLANG_WARN_OBJC_IMPLICIT_RETAIN_SELF = YES;
				CLANG_WARN_OBJC_LITERAL_CONVERSION = YES;
				CLANG_WARN_OBJC_ROOT_CLASS = YES_ERROR;
				CLANG_WARN_RANGE_LOOP_ANALYSIS = YES;
				CLANG_WARN_STRICT_PROTOTYPES = YES;
				CLANG_WARN_SUSPICIOUS_MOVE = YES;
				CLANG_WARN_UNGUARDED_AVAILABILITY = YES_AGGRESSIVE;
				CLANG_WARN_UNREACHABLE_CODE = YES;
				CLANG_WARN__DUPLICATE_METHOD_MATCH = YES;
				CODE_SIGN_IDENTITY = "iPhone Developer";
				COPY_PHASE_STRIP = NO;
				DEBUG_INFORMATION_FORMAT = dwarf;
				ENABLE_STRICT_OBJC_MSGSEND = YES;
				ENABLE_TESTABILITY = YES;
				GCC_C_LANGUAGE_STANDARD = gnu11;
				GCC_DYNAMIC_NO_PIC = NO;
				GCC_NO_COMMON_BLOCKS = YES;
				GCC_OPTIMIZATION_LEVEL = 0;
				GCC_PREPROCESSOR_DEFINITIONS = (
					"DEBUG=1",
					"$(inherited)",
				);
				GCC_WARN_64_TO_32_BIT_CONVERSION = YES;
				GCC_WARN_ABOUT_RETURN_TYPE = YES_ERROR;
				GCC_WARN_UNDECLARED_SELECTOR = YES;
				GCC_WARN_UNINITIALIZED_AUTOS = YES_AGGRESSIVE;
				GCC_WARN_UNUSED_FUNCTION = YES;
				GCC_WARN_UNUSED_VARIABLE = YES;
				IPHONEOS_DEPLOYMENT_TARGET = 12.2;
				MTL_ENABLE_DEBUG_INFO = INCLUDE_SOURCE;
				MTL_FAST_MATH = YES;
				ONLY_ACTIVE_ARCH = YES;
				SDKROOT = iphoneos;
				SWIFT_ACTIVE_COMPILATION_CONDITIONS = DEBUG;
				SWIFT_OPTIMIZATION_LEVEL = "-Onone";
			};
			name = Debug;
		};
		7E16FCE122528D2000D91423 /* Release */ = {
			isa = XCBuildConfiguration;
			buildSettings = {
				ALWAYS_SEARCH_USER_PATHS = NO;
				CLANG_ANALYZER_NONNULL = YES;
				CLANG_ANALYZER_NUMBER_OBJECT_CONVERSION = YES_AGGRESSIVE;
				CLANG_CXX_LANGUAGE_STANDARD = "gnu++14";
				CLANG_CXX_LIBRARY = "libc++";
				CLANG_ENABLE_MODULES = YES;
				CLANG_ENABLE_OBJC_ARC = YES;
				CLANG_ENABLE_OBJC_WEAK = YES;
				CLANG_WARN_BLOCK_CAPTURE_AUTORELEASING = YES;
				CLANG_WARN_BOOL_CONVERSION = YES;
				CLANG_WARN_COMMA = YES;
				CLANG_WARN_CONSTANT_CONVERSION = YES;
				CLANG_WARN_DEPRECATED_OBJC_IMPLEMENTATIONS = YES;
				CLANG_WARN_DIRECT_OBJC_ISA_USAGE = YES_ERROR;
				CLANG_WARN_DOCUMENTATION_COMMENTS = YES;
				CLANG_WARN_EMPTY_BODY = YES;
				CLANG_WARN_ENUM_CONVERSION = YES;
				CLANG_WARN_INFINITE_RECURSION = YES;
				CLANG_WARN_INT_CONVERSION = YES;
				CLANG_WARN_NON_LITERAL_NULL_CONVERSION = YES;
				CLANG_WARN_OBJC_IMPLICIT_RETAIN_SELF = YES;
				CLANG_WARN_OBJC_LITERAL_CONVERSION = YES;
				CLANG_WARN_OBJC_ROOT_CLASS = YES_ERROR;
				CLANG_WARN_RANGE_LOOP_ANALYSIS = YES;
				CLANG_WARN_STRICT_PROTOTYPES = YES;
				CLANG_WARN_SUSPICIOUS_MOVE = YES;
				CLANG_WARN_UNGUARDED_AVAILABILITY = YES_AGGRESSIVE;
				CLANG_WARN_UNREACHABLE_CODE = YES;
				CLANG_WARN__DUPLICATE_METHOD_MATCH = YES;
				CODE_SIGN_IDENTITY = "iPhone Developer";
				COPY_PHASE_STRIP = NO;
				DEBUG_INFORMATION_FORMAT = "dwarf-with-dsym";
				ENABLE_NS_ASSERTIONS = NO;
				ENABLE_STRICT_OBJC_MSGSEND = YES;
				GCC_C_LANGUAGE_STANDARD = gnu11;
				GCC_NO_COMMON_BLOCKS = YES;
				GCC_WARN_64_TO_32_BIT_CONVERSION = YES;
				GCC_WARN_ABOUT_RETURN_TYPE = YES_ERROR;
				GCC_WARN_UNDECLARED_SELECTOR = YES;
				GCC_WARN_UNINITIALIZED_AUTOS = YES_AGGRESSIVE;
				GCC_WARN_UNUSED_FUNCTION = YES;
				GCC_WARN_UNUSED_VARIABLE = YES;
				IPHONEOS_DEPLOYMENT_TARGET = 12.2;
				MTL_ENABLE_DEBUG_INFO = NO;
				MTL_FAST_MATH = YES;
				SDKROOT = iphoneos;
				SWIFT_COMPILATION_MODE = wholemodule;
				SWIFT_OPTIMIZATION_LEVEL = "-O";
				VALIDATE_PRODUCT = YES;
			};
			name = Release;
		};
		7E16FCE322528D2000D91423 /* Debug */ = {
			isa = XCBuildConfiguration;
			buildSettings = {
				ASSETCATALOG_COMPILER_APPICON_NAME = AppIcon;
				CODE_SIGN_STYLE = Automatic;
				DEVELOPMENT_TEAM = 6669X7274X;
				INFOPLIST_FILE = HelloWorldApp/Info.plist;
				IPHONEOS_DEPLOYMENT_TARGET = 12.1;
				LD_RUNPATH_SEARCH_PATHS = (
					"$(inherited)",
					"@executable_path/Frameworks",
				);
				PRODUCT_BUNDLE_IDENTIFIER = com.dlavoryk.HelloWorldApp;
				PRODUCT_NAME = "$(TARGET_NAME)";
				SWIFT_VERSION = 5.0;
				TARGETED_DEVICE_FAMILY = "1,2";
			};
			name = Debug;
		};
		7E16FCE422528D2000D91423 /* Release */ = {
			isa = XCBuildConfiguration;
			buildSettings = {
				ASSETCATALOG_COMPILER_APPICON_NAME = AppIcon;
				CODE_SIGN_STYLE = Automatic;
				DEVELOPMENT_TEAM = 6669X7274X;
				INFOPLIST_FILE = HelloWorldApp/Info.plist;
				IPHONEOS_DEPLOYMENT_TARGET = 12.1;
				LD_RUNPATH_SEARCH_PATHS = (
					"$(inherited)",
					"@executable_path/Frameworks",
				);
				PRODUCT_BUNDLE_IDENTIFIER = com.dlavoryk.HelloWorldApp;
				PRODUCT_NAME = "$(TARGET_NAME)";
				SWIFT_VERSION = 5.0;
				TARGETED_DEVICE_FAMILY = "1,2";
			};
			name = Release;
		};
		7E16FCE622528D2000D91423 /* Debug */ = {
			isa = XCBuildConfiguration;
			buildSettings = {
				ALWAYS_EMBED_SWIFT_STANDARD_LIBRARIES = YES;
				BUNDLE_LOADER = "$(TEST_HOST)";
				CODE_SIGN_STYLE = Automatic;
				INFOPLIST_FILE = HelloWorldAppTests/Info.plist;
				LD_RUNPATH_SEARCH_PATHS = (
					"$(inherited)",
					"@executable_path/Frameworks",
					"@loader_path/Frameworks",
				);
				PRODUCT_BUNDLE_IDENTIFIER = com.dlavoryk.HelloWorldAppTests;
				PRODUCT_NAME = "$(TARGET_NAME)";
				SWIFT_VERSION = 5.0;
				TARGETED_DEVICE_FAMILY = "1,2";
				TEST_HOST = "$(BUILT_PRODUCTS_DIR)/HelloWorldApp.app/HelloWorldApp";
			};
			name = Debug;
		};
		7E16FCE722528D2000D91423 /* Release */ = {
			isa = XCBuildConfiguration;
			buildSettings = {
				ALWAYS_EMBED_SWIFT_STANDARD_LIBRARIES = YES;
				BUNDLE_LOADER = "$(TEST_HOST)";
				CODE_SIGN_STYLE = Automatic;
				INFOPLIST_FILE = HelloWorldAppTests/Info.plist;
				LD_RUNPATH_SEARCH_PATHS = (
					"$(inherited)",
					"@executable_path/Frameworks",
					"@loader_path/Frameworks",
				);
				PRODUCT_BUNDLE_IDENTIFIER = com.dlavoryk.HelloWorldAppTests;
				PRODUCT_NAME = "$(TARGET_NAME)";
				SWIFT_VERSION = 5.0;
				TARGETED_DEVICE_FAMILY = "1,2";
				TEST_HOST = "$(BUILT_PRODUCTS_DIR)/HelloWorldApp.app/HelloWorldApp";
			};
			name = Release;
		};
		7E16FCE922528D2000D91423 /* Debug */ = {
			isa = XCBuildConfiguration;
			buildSettings = {
				ALWAYS_EMBED_SWIFT_STANDARD_LIBRARIES = YES;
				CODE_SIGN_STYLE = Automatic;
				INFOPLIST_FILE = HelloWorldAppUITests/Info.plist;
				LD_RUNPATH_SEARCH_PATHS = (
					"$(inherited)",
					"@executable_path/Frameworks",
					"@loader_path/Frameworks",
				);
				PRODUCT_BUNDLE_IDENTIFIER = com.dlavoryk.HelloWorldAppUITests;
				PRODUCT_NAME = "$(TARGET_NAME)";
				SWIFT_VERSION = 5.0;
				TARGETED_DEVICE_FAMILY = "1,2";
				TEST_TARGET_NAME = HelloWorldApp;
			};
			name = Debug;
		};
		7E16FCEA22528D2000D91423 /* Release */ = {
			isa = XCBuildConfiguration;
			buildSettings = {
				ALWAYS_EMBED_SWIFT_STANDARD_LIBRARIES = YES;
				CODE_SIGN_STYLE = Automatic;
				INFOPLIST_FILE = HelloWorldAppUITests/Info.plist;
				LD_RUNPATH_SEARCH_PATHS = (
					"$(inherited)",
					"@executable_path/Frameworks",
					"@loader_path/Frameworks",
				);
				PRODUCT_BUNDLE_IDENTIFIER = com.dlavoryk.HelloWorldAppUITests;
				PRODUCT_NAME = "$(TARGET_NAME)";
				SWIFT_VERSION = 5.0;
				TARGETED_DEVICE_FAMILY = "1,2";
				TEST_TARGET_NAME = HelloWorldApp;
			};
			name = Release;
		};
/* End XCBuildConfiguration section */

/* Begin XCConfigurationList section */
		7E16FCB322528D1E00D91423 /* Build configuration list for PBXProject "HelloWorldApp" */ = {
			isa = XCConfigurationList;
			buildConfigurations = (
				7E16FCE022528D2000D91423 /* Debug */,
				7E16FCE122528D2000D91423 /* Release */,
			);
			defaultConfigurationIsVisible = 0;
			defaultConfigurationName = Release;
		};
		7E16FCE222528D2000D91423 /* Build configuration list for PBXNativeTarget "HelloWorldApp" */ = {
			isa = XCConfigurationList;
			buildConfigurations = (
				7E16FCE322528D2000D91423 /* Debug */,
				7E16FCE422528D2000D91423 /* Release */,
			);
			defaultConfigurationIsVisible = 0;
			defaultConfigurationName = Release;
		};
		7E16FCE522528D2000D91423 /* Build configuration list for PBXNativeTarget "HelloWorldAppTests" */ = {
			isa = XCConfigurationList;
			buildConfigurations = (
				7E16FCE622528D2000D91423 /* Debug */,
				7E16FCE722528D2000D91423 /* Release */,
			);
			defaultConfigurationIsVisible = 0;
			defaultConfigurationName = Release;
		};
		7E16FCE822528D2000D91423 /* Build configuration list for PBXNativeTarget "HelloWorldAppUITests" */ = {
			isa = XCConfigurationList;
			buildConfigurations = (
				7E16FCE922528D2000D91423 /* Debug */,
				7E16FCEA22528D2000D91423 /* Release */,
			);
			defaultConfigurationIsVisible = 0;
			defaultConfigurationName = Release;
		};
/* End XCConfigurationList section */
	};
	rootObject = 7E16FCB022528D1E00D91423 /* Project object */;
}
